// !$*UTF8*$!
{
	archiveVersion = 1;
	classes = {
	};
	objectVersion = 55;
	objects = {

/* Begin PBXBuildFile section */
		2962749A2843052F00D4736F /* PianoRoll in Frameworks */ = {isa = PBXBuildFile; productRef = 296274992843052F00D4736F /* PianoRoll */; };
		2962749C2843053600D4736F /* PianoRoll in Frameworks */ = {isa = PBXBuildFile; productRef = 2962749B2843053600D4736F /* PianoRoll */; };
		29F39D94280D311F00F01F83 /* PianoRollDemoApp.swift in Sources */ = {isa = PBXBuildFile; fileRef = 29F39D84280D311E00F01F83 /* PianoRollDemoApp.swift */; };
		29F39D95280D311F00F01F83 /* PianoRollDemoApp.swift in Sources */ = {isa = PBXBuildFile; fileRef = 29F39D84280D311E00F01F83 /* PianoRollDemoApp.swift */; };
		29F39D96280D311F00F01F83 /* PianoRollDemoView.swift in Sources */ = {isa = PBXBuildFile; fileRef = 29F39D85280D311E00F01F83 /* PianoRollDemoView.swift */; };
		29F39D97280D311F00F01F83 /* PianoRollDemoView.swift in Sources */ = {isa = PBXBuildFile; fileRef = 29F39D85280D311E00F01F83 /* PianoRollDemoView.swift */; };
		29F39D98280D311F00F01F83 /* Assets.xcassets in Resources */ = {isa = PBXBuildFile; fileRef = 29F39D86280D311F00F01F83 /* Assets.xcassets */; };
		29F39D99280D311F00F01F83 /* Assets.xcassets in Resources */ = {isa = PBXBuildFile; fileRef = 29F39D86280D311F00F01F83 /* Assets.xcassets */; };
/* End PBXBuildFile section */

/* Begin PBXFileReference section */
		29627498284304D200D4736F /* PianoRoll */ = {isa = PBXFileReference; lastKnownFileType = wrapper; name = PianoRoll; path = ..; sourceTree = "<group>"; };
		29F39D84280D311E00F01F83 /* PianoRollDemoApp.swift */ = {isa = PBXFileReference; lastKnownFileType = sourcecode.swift; path = PianoRollDemoApp.swift; sourceTree = "<group>"; };
		29F39D85280D311E00F01F83 /* PianoRollDemoView.swift */ = {isa = PBXFileReference; lastKnownFileType = sourcecode.swift; path = PianoRollDemoView.swift; sourceTree = "<group>"; };
		29F39D86280D311F00F01F83 /* Assets.xcassets */ = {isa = PBXFileReference; lastKnownFileType = folder.assetcatalog; path = Assets.xcassets; sourceTree = "<group>"; };
		29F39D8B280D311F00F01F83 /* PianoRollDemo.app */ = {isa = PBXFileReference; explicitFileType = wrapper.application; includeInIndex = 0; path = PianoRollDemo.app; sourceTree = BUILT_PRODUCTS_DIR; };
		29F39D91280D311F00F01F83 /* PianoRollDemo.app */ = {isa = PBXFileReference; explicitFileType = wrapper.application; includeInIndex = 0; path = PianoRollDemo.app; sourceTree = BUILT_PRODUCTS_DIR; };
		29F39D93280D311F00F01F83 /* macOS.entitlements */ = {isa = PBXFileReference; lastKnownFileType = text.plist.entitlements; path = macOS.entitlements; sourceTree = "<group>"; };
/* End PBXFileReference section */

/* Begin PBXFrameworksBuildPhase section */
		29F39D88280D311F00F01F83 /* Frameworks */ = {
			isa = PBXFrameworksBuildPhase;
			buildActionMask = 2147483647;
			files = (
				2962749C2843053600D4736F /* PianoRoll in Frameworks */,
			);
			runOnlyForDeploymentPostprocessing = 0;
		};
		29F39D8E280D311F00F01F83 /* Frameworks */ = {
			isa = PBXFrameworksBuildPhase;
			buildActionMask = 2147483647;
			files = (
				2962749A2843052F00D4736F /* PianoRoll in Frameworks */,
			);
			runOnlyForDeploymentPostprocessing = 0;
		};
/* End PBXFrameworksBuildPhase section */

/* Begin PBXGroup section */
		29627497284304D200D4736F /* Packages */ = {
			isa = PBXGroup;
			children = (
				29627498284304D200D4736F /* PianoRoll */,
			);
			name = Packages;
			sourceTree = "<group>";
		};
		29F39D7E280D311D00F01F83 = {
			isa = PBXGroup;
			children = (
				29627497284304D200D4736F /* Packages */,
				29F39D83280D311E00F01F83 /* Shared */,
				29F39D92280D311F00F01F83 /* macOS */,
				29F39D8C280D311F00F01F83 /* Products */,
				29F39DA3280D314F00F01F83 /* Frameworks */,
			);
			sourceTree = "<group>";
		};
		29F39D83280D311E00F01F83 /* Shared */ = {
			isa = PBXGroup;
			children = (
				29F39D84280D311E00F01F83 /* PianoRollDemoApp.swift */,
				29F39D85280D311E00F01F83 /* PianoRollDemoView.swift */,
				29F39D86280D311F00F01F83 /* Assets.xcassets */,
			);
			path = Shared;
			sourceTree = "<group>";
		};
		29F39D8C280D311F00F01F83 /* Products */ = {
			isa = PBXGroup;
			children = (
				29F39D8B280D311F00F01F83 /* PianoRollDemo.app */,
				29F39D91280D311F00F01F83 /* PianoRollDemo.app */,
			);
			name = Products;
			sourceTree = "<group>";
		};
		29F39D92280D311F00F01F83 /* macOS */ = {
			isa = PBXGroup;
			children = (
				29F39D93280D311F00F01F83 /* macOS.entitlements */,
			);
			path = macOS;
			sourceTree = "<group>";
		};
		29F39DA3280D314F00F01F83 /* Frameworks */ = {
			isa = PBXGroup;
			children = (
			);
			name = Frameworks;
			sourceTree = "<group>";
		};
/* End PBXGroup section */

/* Begin PBXNativeTarget section */
		29F39D8A280D311F00F01F83 /* PianoRollDemo (iOS) */ = {
			isa = PBXNativeTarget;
			buildConfigurationList = 29F39D9C280D311F00F01F83 /* Build configuration list for PBXNativeTarget "PianoRollDemo (iOS)" */;
			buildPhases = (
				29F39D87280D311F00F01F83 /* Sources */,
				29F39D88280D311F00F01F83 /* Frameworks */,
				29F39D89280D311F00F01F83 /* Resources */,
			);
			buildRules = (
			);
			dependencies = (
			);
			name = "PianoRollDemo (iOS)";
			packageProductDependencies = (
				2962749B2843053600D4736F /* PianoRoll */,
			);
			productName = "PianoRollTest (iOS)";
			productReference = 29F39D8B280D311F00F01F83 /* PianoRollDemo.app */;
			productType = "com.apple.product-type.application";
		};
		29F39D90280D311F00F01F83 /* PianoRollDemo (macOS) */ = {
			isa = PBXNativeTarget;
			buildConfigurationList = 29F39D9F280D311F00F01F83 /* Build configuration list for PBXNativeTarget "PianoRollDemo (macOS)" */;
			buildPhases = (
				29F39D8D280D311F00F01F83 /* Sources */,
				29F39D8E280D311F00F01F83 /* Frameworks */,
				29F39D8F280D311F00F01F83 /* Resources */,
			);
			buildRules = (
			);
			dependencies = (
			);
			name = "PianoRollDemo (macOS)";
			packageProductDependencies = (
				296274992843052F00D4736F /* PianoRoll */,
			);
			productName = "PianoRollTest (macOS)";
			productReference = 29F39D91280D311F00F01F83 /* PianoRollDemo.app */;
			productType = "com.apple.product-type.application";
		};
/* End PBXNativeTarget section */

/* Begin PBXProject section */
		29F39D7F280D311D00F01F83 /* Project object */ = {
			isa = PBXProject;
			attributes = {
				BuildIndependentTargetsInParallel = 1;
				LastSwiftUpdateCheck = 1330;
				LastUpgradeCheck = 1330;
				TargetAttributes = {
					29F39D8A280D311F00F01F83 = {
						CreatedOnToolsVersion = 13.3;
					};
					29F39D90280D311F00F01F83 = {
						CreatedOnToolsVersion = 13.3;
					};
				};
			};
			buildConfigurationList = 29F39D82280D311D00F01F83 /* Build configuration list for PBXProject "PianoRollDemo" */;
			compatibilityVersion = "Xcode 13.0";
			developmentRegion = en;
			hasScannedForEncodings = 0;
			knownRegions = (
				en,
				Base,
			);
			mainGroup = 29F39D7E280D311D00F01F83;
			productRefGroup = 29F39D8C280D311F00F01F83 /* Products */;
			projectDirPath = "";
			projectRoot = "";
			targets = (
				29F39D8A280D311F00F01F83 /* PianoRollDemo (iOS) */,
				29F39D90280D311F00F01F83 /* PianoRollDemo (macOS) */,
			);
		};
/* End PBXProject section */

/* Begin PBXResourcesBuildPhase section */
		29F39D89280D311F00F01F83 /* Resources */ = {
			isa = PBXResourcesBuildPhase;
			buildActionMask = 2147483647;
			files = (
				29F39D98280D311F00F01F83 /* Assets.xcassets in Resources */,
			);
			runOnlyForDeploymentPostprocessing = 0;
		};
		29F39D8F280D311F00F01F83 /* Resources */ = {
			isa = PBXResourcesBuildPhase;
			buildActionMask = 2147483647;
			files = (
				29F39D99280D311F00F01F83 /* Assets.xcassets in Resources */,
			);
			runOnlyForDeploymentPostprocessing = 0;
		};
/* End PBXResourcesBuildPhase section */

/* Begin PBXSourcesBuildPhase section */
		29F39D87280D311F00F01F83 /* Sources */ = {
			isa = PBXSourcesBuildPhase;
			buildActionMask = 2147483647;
			files = (
				29F39D96280D311F00F01F83 /* PianoRollDemoView.swift in Sources */,
				29F39D94280D311F00F01F83 /* PianoRollDemoApp.swift in Sources */,
			);
			runOnlyForDeploymentPostprocessing = 0;
		};
		29F39D8D280D311F00F01F83 /* Sources */ = {
			isa = PBXSourcesBuildPhase;
			buildActionMask = 2147483647;
			files = (
				29F39D97280D311F00F01F83 /* PianoRollDemoView.swift in Sources */,
				29F39D95280D311F00F01F83 /* PianoRollDemoApp.swift in Sources */,
			);
			runOnlyForDeploymentPostprocessing = 0;
		};
/* End PBXSourcesBuildPhase section */

/* Begin XCBuildConfiguration section */
		29F39D9A280D311F00F01F83 /* Debug */ = {
			isa = XCBuildConfiguration;
			buildSettings = {
				ALWAYS_SEARCH_USER_PATHS = NO;
				CLANG_ANALYZER_NONNULL = YES;
				CLANG_ANALYZER_NUMBER_OBJECT_CONVERSION = YES_AGGRESSIVE;
				CLANG_CXX_LANGUAGE_STANDARD = "gnu++17";
				CLANG_ENABLE_MODULES = YES;
				CLANG_ENABLE_OBJC_ARC = YES;
				CLANG_ENABLE_OBJC_WEAK = YES;
				CLANG_WARN_BLOCK_CAPTURE_AUTORELEASING = YES;
				CLANG_WARN_BOOL_CONVERSION = YES;
				CLANG_WARN_COMMA = YES;
				CLANG_WARN_CONSTANT_CONVERSION = YES;
				CLANG_WARN_DEPRECATED_OBJC_IMPLEMENTATIONS = YES;
				CLANG_WARN_DIRECT_OBJC_ISA_USAGE = YES_ERROR;
				CLANG_WARN_DOCUMENTATION_COMMENTS = YES;
				CLANG_WARN_EMPTY_BODY = YES;
				CLANG_WARN_ENUM_CONVERSION = YES;
				CLANG_WARN_INFINITE_RECURSION = YES;
				CLANG_WARN_INT_CONVERSION = YES;
				CLANG_WARN_NON_LITERAL_NULL_CONVERSION = YES;
				CLANG_WARN_OBJC_IMPLICIT_RETAIN_SELF = YES;
				CLANG_WARN_OBJC_LITERAL_CONVERSION = YES;
				CLANG_WARN_OBJC_ROOT_CLASS = YES_ERROR;
				CLANG_WARN_QUOTED_INCLUDE_IN_FRAMEWORK_HEADER = YES;
				CLANG_WARN_RANGE_LOOP_ANALYSIS = YES;
				CLANG_WARN_STRICT_PROTOTYPES = YES;
				CLANG_WARN_SUSPICIOUS_MOVE = YES;
				CLANG_WARN_UNGUARDED_AVAILABILITY = YES_AGGRESSIVE;
				CLANG_WARN_UNREACHABLE_CODE = YES;
				CLANG_WARN__DUPLICATE_METHOD_MATCH = YES;
				COPY_PHASE_STRIP = NO;
				DEBUG_INFORMATION_FORMAT = dwarf;
				ENABLE_STRICT_OBJC_MSGSEND = YES;
				ENABLE_TESTABILITY = YES;
				GCC_C_LANGUAGE_STANDARD = gnu11;
				GCC_DYNAMIC_NO_PIC = NO;
				GCC_NO_COMMON_BLOCKS = YES;
				GCC_OPTIMIZATION_LEVEL = 0;
				GCC_PREPROCESSOR_DEFINITIONS = (
					"DEBUG=1",
					"$(inherited)",
				);
				GCC_WARN_64_TO_32_BIT_CONVERSION = YES;
				GCC_WARN_ABOUT_RETURN_TYPE = YES_ERROR;
				GCC_WARN_UNDECLARED_SELECTOR = YES;
				GCC_WARN_UNINITIALIZED_AUTOS = YES_AGGRESSIVE;
				GCC_WARN_UNUSED_FUNCTION = YES;
				GCC_WARN_UNUSED_VARIABLE = YES;
				MTL_ENABLE_DEBUG_INFO = INCLUDE_SOURCE;
				MTL_FAST_MATH = YES;
				ONLY_ACTIVE_ARCH = YES;
				SWIFT_ACTIVE_COMPILATION_CONDITIONS = DEBUG;
				SWIFT_OPTIMIZATION_LEVEL = "-Onone";
			};
			name = Debug;
		};
		29F39D9B280D311F00F01F83 /* Release */ = {
			isa = XCBuildConfiguration;
			buildSettings = {
				ALWAYS_SEARCH_USER_PATHS = NO;
				CLANG_ANALYZER_NONNULL = YES;
				CLANG_ANALYZER_NUMBER_OBJECT_CONVERSION = YES_AGGRESSIVE;
				CLANG_CXX_LANGUAGE_STANDARD = "gnu++17";
				CLANG_ENABLE_MODULES = YES;
				CLANG_ENABLE_OBJC_ARC = YES;
				CLANG_ENABLE_OBJC_WEAK = YES;
				CLANG_WARN_BLOCK_CAPTURE_AUTORELEASING = YES;
				CLANG_WARN_BOOL_CONVERSION = YES;
				CLANG_WARN_COMMA = YES;
				CLANG_WARN_CONSTANT_CONVERSION = YES;
				CLANG_WARN_DEPRECATED_OBJC_IMPLEMENTATIONS = YES;
				CLANG_WARN_DIRECT_OBJC_ISA_USAGE = YES_ERROR;
				CLANG_WARN_DOCUMENTATION_COMMENTS = YES;
				CLANG_WARN_EMPTY_BODY = YES;
				CLANG_WARN_ENUM_CONVERSION = YES;
				CLANG_WARN_INFINITE_RECURSION = YES;
				CLANG_WARN_INT_CONVERSION = YES;
				CLANG_WARN_NON_LITERAL_NULL_CONVERSION = YES;
				CLANG_WARN_OBJC_IMPLICIT_RETAIN_SELF = YES;
				CLANG_WARN_OBJC_LITERAL_CONVERSION = YES;
				CLANG_WARN_OBJC_ROOT_CLASS = YES_ERROR;
				CLANG_WARN_QUOTED_INCLUDE_IN_FRAMEWORK_HEADER = YES;
				CLANG_WARN_RANGE_LOOP_ANALYSIS = YES;
				CLANG_WARN_STRICT_PROTOTYPES = YES;
				CLANG_WARN_SUSPICIOUS_MOVE = YES;
				CLANG_WARN_UNGUARDED_AVAILABILITY = YES_AGGRESSIVE;
				CLANG_WARN_UNREACHABLE_CODE = YES;
				CLANG_WARN__DUPLICATE_METHOD_MATCH = YES;
				COPY_PHASE_STRIP = NO;
				DEBUG_INFORMATION_FORMAT = "dwarf-with-dsym";
				ENABLE_NS_ASSERTIONS = NO;
				ENABLE_STRICT_OBJC_MSGSEND = YES;
				GCC_C_LANGUAGE_STANDARD = gnu11;
				GCC_NO_COMMON_BLOCKS = YES;
				GCC_WARN_64_TO_32_BIT_CONVERSION = YES;
				GCC_WARN_ABOUT_RETURN_TYPE = YES_ERROR;
				GCC_WARN_UNDECLARED_SELECTOR = YES;
				GCC_WARN_UNINITIALIZED_AUTOS = YES_AGGRESSIVE;
				GCC_WARN_UNUSED_FUNCTION = YES;
				GCC_WARN_UNUSED_VARIABLE = YES;
				MTL_ENABLE_DEBUG_INFO = NO;
				MTL_FAST_MATH = YES;
				SWIFT_COMPILATION_MODE = wholemodule;
				SWIFT_OPTIMIZATION_LEVEL = "-O";
			};
			name = Release;
		};
		29F39D9D280D311F00F01F83 /* Debug */ = {
			isa = XCBuildConfiguration;
			buildSettings = {
				ASSETCATALOG_COMPILER_APPICON_NAME = AppIcon;
				ASSETCATALOG_COMPILER_GLOBAL_ACCENT_COLOR_NAME = AccentColor;
				CODE_SIGN_STYLE = Automatic;
				CURRENT_PROJECT_VERSION = 1;
				DEVELOPMENT_TEAM = "";
				ENABLE_PREVIEWS = YES;
				GENERATE_INFOPLIST_FILE = YES;
				INFOPLIST_KEY_UIApplicationSceneManifest_Generation = YES;
				INFOPLIST_KEY_UIApplicationSupportsIndirectInputEvents = YES;
				INFOPLIST_KEY_UILaunchScreen_Generation = YES;
				INFOPLIST_KEY_UISupportedInterfaceOrientations = "UIInterfaceOrientationPortrait UIInterfaceOrientationPortraitUpsideDown UIInterfaceOrientationLandscapeLeft UIInterfaceOrientationLandscapeRight";
				INFOPLIST_KEY_UISupportedInterfaceOrientations_iPad = "UIInterfaceOrientationPortrait UIInterfaceOrientationPortraitUpsideDown UIInterfaceOrientationLandscapeLeft UIInterfaceOrientationLandscapeRight";
				INFOPLIST_KEY_UISupportedInterfaceOrientations_iPhone = "UIInterfaceOrientationPortrait UIInterfaceOrientationLandscapeLeft UIInterfaceOrientationLandscapeRight";
				IPHONEOS_DEPLOYMENT_TARGET = 15.4;
				LD_RUNPATH_SEARCH_PATHS = (
					"$(inherited)",
					"@executable_path/Frameworks",
				);
				MARKETING_VERSION = 1.0;
				PRODUCT_BUNDLE_IDENTIFIER = io.audiokit.PianoRollDemo;
				PRODUCT_NAME = PianoRollDemo;
				SDKROOT = iphoneos;
				SWIFT_EMIT_LOC_STRINGS = YES;
				SWIFT_VERSION = 5.0;
				TARGETED_DEVICE_FAMILY = "1,2";
			};
			name = Debug;
		};
		29F39D9E280D311F00F01F83 /* Release */ = {
			isa = XCBuildConfiguration;
			buildSettings = {
				ASSETCATALOG_COMPILER_APPICON_NAME = AppIcon;
				ASSETCATALOG_COMPILER_GLOBAL_ACCENT_COLOR_NAME = AccentColor;
				CODE_SIGN_STYLE = Automatic;
				CURRENT_PROJECT_VERSION = 1;
				DEVELOPMENT_TEAM = "";
				ENABLE_PREVIEWS = YES;
				GENERATE_INFOPLIST_FILE = YES;
				INFOPLIST_KEY_UIApplicationSceneManifest_Generation = YES;
				INFOPLIST_KEY_UIApplicationSupportsIndirectInputEvents = YES;
				INFOPLIST_KEY_UILaunchScreen_Generation = YES;
				INFOPLIST_KEY_UISupportedInterfaceOrientations = "UIInterfaceOrientationPortrait UIInterfaceOrientationPortraitUpsideDown UIInterfaceOrientationLandscapeLeft UIInterfaceOrientationLandscapeRight";
				INFOPLIST_KEY_UISupportedInterfaceOrientations_iPad = "UIInterfaceOrientationPortrait UIInterfaceOrientationPortraitUpsideDown UIInterfaceOrientationLandscapeLeft UIInterfaceOrientationLandscapeRight";
				INFOPLIST_KEY_UISupportedInterfaceOrientations_iPhone = "UIInterfaceOrientationPortrait UIInterfaceOrientationLandscapeLeft UIInterfaceOrientationLandscapeRight";
				IPHONEOS_DEPLOYMENT_TARGET = 15.4;
				LD_RUNPATH_SEARCH_PATHS = (
					"$(inherited)",
					"@executable_path/Frameworks",
				);
				MARKETING_VERSION = 1.0;
				PRODUCT_BUNDLE_IDENTIFIER = io.audiokit.PianoRollDemo;
				PRODUCT_NAME = PianoRollDemo;
				SDKROOT = iphoneos;
				SWIFT_EMIT_LOC_STRINGS = YES;
				SWIFT_VERSION = 5.0;
				TARGETED_DEVICE_FAMILY = "1,2";
				VALIDATE_PRODUCT = YES;
			};
			name = Release;
		};
		29F39DA0280D311F00F01F83 /* Debug */ = {
			isa = XCBuildConfiguration;
			buildSettings = {
				ASSETCATALOG_COMPILER_APPICON_NAME = AppIcon;
				ASSETCATALOG_COMPILER_GLOBAL_ACCENT_COLOR_NAME = AccentColor;
				CODE_SIGN_ENTITLEMENTS = macOS/macOS.entitlements;
				CODE_SIGN_STYLE = Automatic;
				COMBINE_HIDPI_IMAGES = YES;
				CURRENT_PROJECT_VERSION = 1;
				DEVELOPMENT_TEAM = "";
				ENABLE_HARDENED_RUNTIME = YES;
				ENABLE_PREVIEWS = YES;
				GENERATE_INFOPLIST_FILE = YES;
				INFOPLIST_KEY_NSHumanReadableCopyright = "";
				LD_RUNPATH_SEARCH_PATHS = (
					"$(inherited)",
					"@executable_path/../Frameworks",
				);
				MACOSX_DEPLOYMENT_TARGET = 12.3;
				MARKETING_VERSION = 1.0;
				PRODUCT_BUNDLE_IDENTIFIER = io.audiokit.PianoRollDemo;
				PRODUCT_NAME = PianoRollDemo;
				SDKROOT = macosx;
				SWIFT_EMIT_LOC_STRINGS = YES;
				SWIFT_VERSION = 5.0;
			};
			name = Debug;
		};
		29F39DA1280D311F00F01F83 /* Release */ = {
			isa = XCBuildConfiguration;
			buildSettings = {
				ASSETCATALOG_COMPILER_APPICON_NAME = AppIcon;
				ASSETCATALOG_COMPILER_GLOBAL_ACCENT_COLOR_NAME = AccentColor;
				CODE_SIGN_ENTITLEMENTS = macOS/macOS.entitlements;
				CODE_SIGN_STYLE = Automatic;
				COMBINE_HIDPI_IMAGES = YES;
				CURRENT_PROJECT_VERSION = 1;
				DEVELOPMENT_TEAM = "";
				ENABLE_HARDENED_RUNTIME = YES;
				ENABLE_PREVIEWS = YES;
				GENERATE_INFOPLIST_FILE = YES;
				INFOPLIST_KEY_NSHumanReadableCopyright = "";
				LD_RUNPATH_SEARCH_PATHS = (
					"$(inherited)",
					"@executable_path/../Frameworks",
				);
				MACOSX_DEPLOYMENT_TARGET = 12.3;
				MARKETING_VERSION = 1.0;
				PRODUCT_BUNDLE_IDENTIFIER = io.audiokit.PianoRollDemo;
				PRODUCT_NAME = PianoRollDemo;
				SDKROOT = macosx;
				SWIFT_EMIT_LOC_STRINGS = YES;
				SWIFT_VERSION = 5.0;
			};
			name = Release;
		};
/* End XCBuildConfiguration section */

/* Begin XCConfigurationList section */
		29F39D82280D311D00F01F83 /* Build configuration list for PBXProject "PianoRollDemo" */ = {
			isa = XCConfigurationList;
			buildConfigurations = (
				29F39D9A280D311F00F01F83 /* Debug */,
				29F39D9B280D311F00F01F83 /* Release */,
			);
			defaultConfigurationIsVisible = 0;
			defaultConfigurationName = Release;
		};
		29F39D9C280D311F00F01F83 /* Build configuration list for PBXNativeTarget "PianoRollDemo (iOS)" */ = {
			isa = XCConfigurationList;
			buildConfigurations = (
				29F39D9D280D311F00F01F83 /* Debug */,
				29F39D9E280D311F00F01F83 /* Release */,
			);
			defaultConfigurationIsVisible = 0;
			defaultConfigurationName = Release;
		};
		29F39D9F280D311F00F01F83 /* Build configuration list for PBXNativeTarget "PianoRollDemo (macOS)" */ = {
			isa = XCConfigurationList;
			buildConfigurations = (
				29F39DA0280D311F00F01F83 /* Debug */,
				29F39DA1280D311F00F01F83 /* Release */,
			);
			defaultConfigurationIsVisible = 0;
			defaultConfigurationName = Release;
		};
/* End XCConfigurationList section */

/* Begin XCSwiftPackageProductDependency section */
		296274992843052F00D4736F /* PianoRoll */ = {
			isa = XCSwiftPackageProductDependency;
			productName = PianoRoll;
		};
		2962749B2843053600D4736F /* PianoRoll */ = {
			isa = XCSwiftPackageProductDependency;
			productName = PianoRoll;
		};
/* End XCSwiftPackageProductDependency section */
	};
	rootObject = 29F39D7F280D311D00F01F83 /* Project object */;
}
